
Microsoft Visual Studio Solution File, Format Version 12.00
# Visual Studio Version 17
VisualStudioVersion = 17.2.32526.322
MinimumVisualStudioVersion = 10.0.40219.1
Project("{9A19103F-16F7-4668-BE54-9A1E7A4F7556}") = "[M2S02] Projeto 1 - Aplicação Calculadora", "[M2S02] Projeto 1 - Aplicação Calculadora\[M2S02] Projeto 1 - Aplicação Calculadora.csproj", "{09A7B548-1F4D-4B98-A3D2-3B3D64356F84}"
EndProject
Global
	GlobalSection(SolutionConfigurationPlatforms) = preSolution
		Debug|Any CPU = Debug|Any CPU
		Release|Any CPU = Release|Any CPU
	EndGlobalSection
	GlobalSection(ProjectConfigurationPlatforms) = postSolution
		{09A7B548-1F4D-4B98-A3D2-3B3D64356F84}.Debug|Any CPU.ActiveCfg = Debug|Any CPU
		{09A7B548-1F4D-4B98-A3D2-3B3D64356F84}.Debug|Any CPU.Build.0 = Debug|Any CPU
		{09A7B548-1F4D-4B98-A3D2-3B3D64356F84}.Release|Any CPU.ActiveCfg = Release|Any CPU
		{09A7B548-1F4D-4B98-A3D2-3B3D64356F84}.Release|Any CPU.Build.0 = Release|Any CPU
	EndGlobalSection
	GlobalSection(SolutionProperties) = preSolution
		HideSolutionNode = FALSE
	EndGlobalSection
	GlobalSection(ExtensibilityGlobals) = postSolution
		SolutionGuid = {33F19D90-60C3-47D9-8352-B890500688A2}
	EndGlobalSection
EndGlobal
