
Microsoft Visual Studio Solution File, Format Version 12.00
# Visual Studio Version 17
VisualStudioVersion = 17.2.32526.322
MinimumVisualStudioVersion = 10.0.40219.1
Project("{FAE04EC0-301F-11D3-BF4B-00C04F79EFBC}") = "[M2S02] Ex 6, 7, 8, 9, 10 - Projeto 2 - Aplicação Bancária", "[M2S02] Ex 6, 7, 8, 9, 10 - Projeto 2 - Aplicação Bancária\[M2S02] Ex 6, 7, 8, 9, 10 - Projeto 2 - Aplicação Bancária.csproj", "{76061783-7494-4B49-9FFD-E90B557F9C8A}"
EndProject
Global
	GlobalSection(SolutionConfigurationPlatforms) = preSolution
		Debug|Any CPU = Debug|Any CPU
		Release|Any CPU = Release|Any CPU
	EndGlobalSection
	GlobalSection(ProjectConfigurationPlatforms) = postSolution
		{76061783-7494-4B49-9FFD-E90B557F9C8A}.Debug|Any CPU.ActiveCfg = Debug|Any CPU
		{76061783-7494-4B49-9FFD-E90B557F9C8A}.Debug|Any CPU.Build.0 = Debug|Any CPU
		{76061783-7494-4B49-9FFD-E90B557F9C8A}.Release|Any CPU.ActiveCfg = Release|Any CPU
		{76061783-7494-4B49-9FFD-E90B557F9C8A}.Release|Any CPU.Build.0 = Release|Any CPU
	EndGlobalSection
	GlobalSection(SolutionProperties) = preSolution
		HideSolutionNode = FALSE
	EndGlobalSection
	GlobalSection(ExtensibilityGlobals) = postSolution
		SolutionGuid = {7BF778EC-D7F3-408B-9072-637C7911DEF2}
	EndGlobalSection
EndGlobal
