
Microsoft Visual Studio Solution File, Format Version 12.00
# Visual Studio Version 17
VisualStudioVersion = 17.2.32526.322
MinimumVisualStudioVersion = 10.0.40219.1
Project("{FAE04EC0-301F-11D3-BF4B-00C04F79EFBC}") = "[M2S03] Ex 3 - Crie um método para calcular a idade da Pessoa", "[M2S03] Ex 3 - Crie um método para calcular a idade da Pessoa\[M2S03] Ex 3 - Crie um método para calcular a idade da Pessoa.csproj", "{D74D6C7B-968C-46AD-9E39-C8C8F0B15D8D}"
EndProject
Global
	GlobalSection(SolutionConfigurationPlatforms) = preSolution
		Debug|Any CPU = Debug|Any CPU
		Release|Any CPU = Release|Any CPU
	EndGlobalSection
	GlobalSection(ProjectConfigurationPlatforms) = postSolution
		{D74D6C7B-968C-46AD-9E39-C8C8F0B15D8D}.Debug|Any CPU.ActiveCfg = Debug|Any CPU
		{D74D6C7B-968C-46AD-9E39-C8C8F0B15D8D}.Debug|Any CPU.Build.0 = Debug|Any CPU
		{D74D6C7B-968C-46AD-9E39-C8C8F0B15D8D}.Release|Any CPU.ActiveCfg = Release|Any CPU
		{D74D6C7B-968C-46AD-9E39-C8C8F0B15D8D}.Release|Any CPU.Build.0 = Release|Any CPU
	EndGlobalSection
	GlobalSection(SolutionProperties) = preSolution
		HideSolutionNode = FALSE
	EndGlobalSection
	GlobalSection(ExtensibilityGlobals) = postSolution
		SolutionGuid = {8ED8F69E-5F3C-4DB8-A9A1-83565429DDED}
	EndGlobalSection
EndGlobal
